
Microsoft Visual Studio Solution File, Format Version 12.00
# Visual Studio Version 17
VisualStudioVersion = 17.0.32126.317
MinimumVisualStudioVersion = 10.0.40219.1
Project("{FAE04EC0-301F-11D3-BF4B-00C04F79EFBC}") = "BlazorServerDemo", "BlazorServerDemo\BlazorServerDemo.csproj", "{CC25B4D2-DC7E-4E89-B447-9022A58506E8}"
EndProject
Project("{9A19103F-16F7-4668-BE54-9A1E7A4F7556}") = "SecureDemoClassLibrary", "SecureDemoClassLibrary\SecureDemoClassLibrary.csproj", "{AC561E35-4BCD-4223-94A4-396DC7B73663}"
EndProject
Global
	GlobalSection(SolutionConfigurationPlatforms) = preSolution
		Debug|Any CPU = Debug|Any CPU
		Release|Any CPU = Release|Any CPU
	EndGlobalSection
	GlobalSection(ProjectConfigurationPlatforms) = postSolution
		{CC25B4D2-DC7E-4E89-B447-9022A58506E8}.Debug|Any CPU.ActiveCfg = Debug|Any CPU
		{CC25B4D2-DC7E-4E89-B447-9022A58506E8}.Debug|Any CPU.Build.0 = Debug|Any CPU
		{CC25B4D2-DC7E-4E89-B447-9022A58506E8}.Release|Any CPU.ActiveCfg = Release|Any CPU
		{CC25B4D2-DC7E-4E89-B447-9022A58506E8}.Release|Any CPU.Build.0 = Release|Any CPU
		{AC561E35-4BCD-4223-94A4-396DC7B73663}.Debug|Any CPU.ActiveCfg = Debug|Any CPU
		{AC561E35-4BCD-4223-94A4-396DC7B73663}.Debug|Any CPU.Build.0 = Debug|Any CPU
		{AC561E35-4BCD-4223-94A4-396DC7B73663}.Release|Any CPU.ActiveCfg = Release|Any CPU
		{AC561E35-4BCD-4223-94A4-396DC7B73663}.Release|Any CPU.Build.0 = Release|Any CPU
	EndGlobalSection
	GlobalSection(SolutionProperties) = preSolution
		HideSolutionNode = FALSE
	EndGlobalSection
	GlobalSection(ExtensibilityGlobals) = postSolution
		SolutionGuid = {B6D8F4C6-BC43-479B-A58A-A2B85B929277}
	EndGlobalSection
EndGlobal
